buf.build/gen/go/bufbuild/protovalidate/protocolbuffers/go v1.36.6-20250425153114-8976f5be98c1.1 h1:YhMSc48s25kr7kv31Z8vf7sPUIq5YJva9z1mn/hAt0M=
buf.build/gen/go/bufbuild/protovalidate/protocolbuffers/go v1.36.6-20250425153114-8976f5be98c1.1/go.mod h1:avRlCjnFzl98VPaeCtJ24RrV/wwHFzB8sWXhj26+n/U=
connectrpc.com/connect v1.17.0 h1:W0ZqMhtVzn9Zhn2yATuUokDLO5N+gIuBWMOnsQrfmZk=
connectrpc.com/connect v1.17.0/go.mod h1:0292hj1rnx8oFrStN7cB4jjVBeqs+Yx5yDIC2prWDO8=
github.com/google/go-cmp v0.6.0 h1:ofyhxvXcZhMsU5ulbFiLKl/XBFqE1GSq7atu8tAmTRI=
github.com/google/go-cmp v0.6.0/go.mod h1:17dUlkBOakJ0+DkrSSNjCkIjxS6bF9zb3elmeNGIjoY=
github.com/grpc-ecosystem/grpc-gateway/v2 v2.22.0 h1:asbCHRVmodnJTuQ3qamDwqVOIjwqUPTYmYuemVOx+Ys=
github.com/grpc-ecosystem/grpc-gateway/v2 v2.22.0/go.mod h1:ggCgvZ2r7uOoQjOyu2Y1NhHmEPPzzuhWgcza5M1Ji1I=
golang.org/x/net v0.38.0 h1:vRMAPTMaeGqVhG5QyLJHqNDwecKTomGeqbnfZyKlBI8=
golang.org/x/net v0.38.0/go.mod h1:ivrbrMbzFq5J41QOQh0siUuly180yBYtLp+CKbEaFx8=
golang.org/x/sys v0.31.0 h1:ioabZlmFYtWhL+TRYpcnNlLwhyxaM9kWTDEmfnprqik=
golang.org/x/sys v0.31.0/go.mod h1:BJP2sWEmIv4KK5OTEluFJCKSidICx8ciO85XgH3Ak8k=
golang.org/x/text v0.23.0 h1:D71I7dUrlY+VX0gQShAThNGHFxZ13dGLBHQLVl1mJlY=
golang.org/x/text v0.23.0/go.mod h1:/BLNzu4aZCJ1+kcD0DNRotWKage4q2rGVAg4o22unh4=
google.golang.org/genproto/googleapis/api v0.0.0-20241007155032-5fefd90f89a9 h1:T6rh4haD3GVYsgEfWExoCZA2o2FmbNyKpTuAxbEFPTg=
google.golang.org/genproto/googleapis/api v0.0.0-20241007155032-5fefd90f89a9/go.mod h1:wp2WsuBYj6j8wUdo3ToZsdxxixbvQNAHqVJrTgi5E5M=
google.golang.org/genproto/googleapis/rpc v0.0.0-20241007155032-5fefd90f89a9 h1:QCqS/PdaHTSWGvupk2F/ehwHtGc0/GYkT+3GAcR1CCc=
google.golang.org/genproto/googleapis/rpc v0.0.0-20241007155032-5fefd90f89a9/go.mod h1:GX3210XPVPUjJbTUbvwI8f2IpZDMZuPJWDzDuebbviI=
google.golang.org/grpc v1.67.1 h1:zWnc1Vrcno+lHZCOofnIMvycFcc0QRGIzm9dhnDX68E=
google.golang.org/grpc v1.67.1/go.mod h1:1gLDyUQU7CTLJI90u3nXZ9ekeghjeM7pTDZlqFNg2AA=
google.golang.org/protobuf v1.36.6 h1:z1NpPI8ku2WgiWnf+t9wTPsn6eP1L7ksHUlkfLvd9xY=
google.golang.org/protobuf v1.36.6/go.mod h1:jduwjTPXsFjZGTmRluh+L6NjiWu7pchiJ2/5YcXBHnY=
