# Generated by buf. DO NOT EDIT.
version: v2
deps:
  - name: buf.build/bufbuild/protovalidate
    commit: 63bb56e204954558946a641ef0d68910
    digest: b5:ec5661b2855484eca2043fe61d27eb22673ab926ccd0e849531752eb17b08402fae1382705cee7f7b42d4d9ec56aff72bba7ec6835902cf6f86323c9ac682d16
  - name: buf.build/googleapis/googleapis
    commit: 83c0f6c19b2f4ea0b0fd84a80e753659
    digest: b5:e9d077ad9d2eaa08a056108a15292a69548880d3a935781c498f2e591e60e531e49e1f5fc1d7356e5f989d3a8540e9885a02df18cb0cecc4ffa439fa4438a09e
  - name: buf.build/grpc-ecosystem/grpc-gateway
    commit: 4c5ba75caaf84e928b7137ae5c18c26a
    digest: b5:c113e62fb3b29289af785866cae062b55ec8ae19ab3f08f3004098928fbca657730a06810b2012951294326b95669547194fa84476b9e9b688d4f8bf77a0691d
